
Microsoft Visual Studio Solution File, Format Version 12.00
# Visual Studio Version 16
VisualStudioVersion = 16.0.29728.190
MinimumVisualStudioVersion = 10.0.40219.1
Project("{FAE04EC0-301F-11D3-BF4B-00C04F79EFBC}") = "BigBangGame", "BigBangGame\BigBangGame.csproj", "{23542FE9-BA6D-4C5D-B0EC-79D441A6DDE7}"
EndProject
Global
	GlobalSection(SolutionConfigurationPlatforms) = preSolution
		Debug|Any CPU = Debug|Any CPU
		Release|Any CPU = Release|Any CPU
	EndGlobalSection
	GlobalSection(ProjectConfigurationPlatforms) = postSolution
		{23542FE9-BA6D-4C5D-B0EC-79D441A6DDE7}.Debug|Any CPU.ActiveCfg = Debug|Any CPU
		{23542FE9-BA6D-4C5D-B0EC-79D441A6DDE7}.Debug|Any CPU.Build.0 = Debug|Any CPU
		{23542FE9-BA6D-4C5D-B0EC-79D441A6DDE7}.Release|Any CPU.ActiveCfg = Release|Any CPU
		{23542FE9-BA6D-4C5D-B0EC-79D441A6DDE7}.Release|Any CPU.Build.0 = Release|Any CPU
	EndGlobalSection
	GlobalSection(SolutionProperties) = preSolution
		HideSolutionNode = FALSE
	EndGlobalSection
	GlobalSection(ExtensibilityGlobals) = postSolution
		SolutionGuid = {C37722BC-7926-48E3-8510-E33AB84B3C64}
	EndGlobalSection
EndGlobal
